
Microsoft Visual Studio Solution File, Format Version 12.00
# Visual Studio 15
VisualStudioVersion = 15.0.26403.7
MinimumVisualStudioVersion = 10.0.40219.1
Project("{FAE04EC0-301F-11D3-BF4B-00C04F79EFBC}") = "Data_Layer", "Zadanie4\Data_Layer.csproj", "{D6D56437-640D-48E1-8B76-00EC9C8FCFFE}"
EndProject
Project("{FAE04EC0-301F-11D3-BF4B-00C04F79EFBC}") = "ServicesLayer", "ServicesLayer\ServicesLayer.csproj", "{5DE2D306-4F64-46DC-B47A-D794F2683F9C}"
EndProject
Project("{FAE04EC0-301F-11D3-BF4B-00C04F79EFBC}") = "GUI", "GUI\GUI.csproj", "{0AC3FCBB-EFF3-47BA-BCD5-FF9D75B5F880}"
EndProject
Project("{FAE04EC0-301F-11D3-BF4B-00C04F79EFBC}") = "UnitTestProject1", "UnitTestProject1\UnitTestProject1.csproj", "{4BA258FE-EFDC-4F51-BCCA-FE3256139F33}"
EndProject
Global
	GlobalSection(SolutionConfigurationPlatforms) = preSolution
		Debug|Any CPU = Debug|Any CPU
		Release|Any CPU = Release|Any CPU
	EndGlobalSection
	GlobalSection(ProjectConfigurationPlatforms) = postSolution
		{D6D56437-640D-48E1-8B76-00EC9C8FCFFE}.Debug|Any CPU.ActiveCfg = Debug|Any CPU
		{D6D56437-640D-48E1-8B76-00EC9C8FCFFE}.Debug|Any CPU.Build.0 = Debug|Any CPU
		{D6D56437-640D-48E1-8B76-00EC9C8FCFFE}.Release|Any CPU.ActiveCfg = Release|Any CPU
		{D6D56437-640D-48E1-8B76-00EC9C8FCFFE}.Release|Any CPU.Build.0 = Release|Any CPU
		{5DE2D306-4F64-46DC-B47A-D794F2683F9C}.Debug|Any CPU.ActiveCfg = Debug|Any CPU
		{5DE2D306-4F64-46DC-B47A-D794F2683F9C}.Debug|Any CPU.Build.0 = Debug|Any CPU
		{5DE2D306-4F64-46DC-B47A-D794F2683F9C}.Release|Any CPU.ActiveCfg = Release|Any CPU
		{5DE2D306-4F64-46DC-B47A-D794F2683F9C}.Release|Any CPU.Build.0 = Release|Any CPU
		{0AC3FCBB-EFF3-47BA-BCD5-FF9D75B5F880}.Debug|Any CPU.ActiveCfg = Debug|Any CPU
		{0AC3FCBB-EFF3-47BA-BCD5-FF9D75B5F880}.Debug|Any CPU.Build.0 = Debug|Any CPU
		{0AC3FCBB-EFF3-47BA-BCD5-FF9D75B5F880}.Release|Any CPU.ActiveCfg = Release|Any CPU
		{0AC3FCBB-EFF3-47BA-BCD5-FF9D75B5F880}.Release|Any CPU.Build.0 = Release|Any CPU
		{4BA258FE-EFDC-4F51-BCCA-FE3256139F33}.Debug|Any CPU.ActiveCfg = Debug|Any CPU
		{4BA258FE-EFDC-4F51-BCCA-FE3256139F33}.Debug|Any CPU.Build.0 = Debug|Any CPU
		{4BA258FE-EFDC-4F51-BCCA-FE3256139F33}.Release|Any CPU.ActiveCfg = Release|Any CPU
		{4BA258FE-EFDC-4F51-BCCA-FE3256139F33}.Release|Any CPU.Build.0 = Release|Any CPU
	EndGlobalSection
	GlobalSection(SolutionProperties) = preSolution
		HideSolutionNode = FALSE
	EndGlobalSection
	GlobalSection(ExtensibilityGlobals) = postSolution
		VisualSVNWorkingCopyRoot = .
	EndGlobalSection
EndGlobal
